
Microsoft Visual Studio Solution File, Format Version 12.00
Project("{FAE04EC0-301F-11D3-BF4B-00C04F79EFBC}") = "NLBAudit.Sample", "src\NLBAudit.Sample\NLBAudit.Sample.csproj", "{361D4AA8-F749-4F0E-9C71-0B5394F94F8D}"
EndProject
Project("{FAE04EC0-301F-11D3-BF4B-00C04F79EFBC}") = "NLBAudit.Store.EfCore", "src\NLBAudit.Store.EfCore\NLBAudit.Store.EfCore.csproj", "{35BA7349-2898-4F08-80CB-3CE2E7B46625}"
EndProject
Project("{FAE04EC0-301F-11D3-BF4B-00C04F79EFBC}") = "NLBAudit.Core", "src\NLBAudit.Core\NLBAudit.Core.csproj", "{B555E88B-C780-4927-B5E6-FCC2A63022E0}"
EndProject
Project("{FAE04EC0-301F-11D3-BF4B-00C04F79EFBC}") = "NLBAudit.AspNetCore", "src\NLBAudit.AspNetCore\NLBAudit.AspNetCore.csproj", "{EBECD5B5-2721-4B84-8E75-43D5FC76942E}"
EndProject
Project("{2150E333-8FDC-42A3-9474-1A3956D46DE8}") = "src", "src", "{C928D8EE-9EE5-481B-956D-135D8439015A}"
EndProject
Project("{2150E333-8FDC-42A3-9474-1A3956D46DE8}") = "tests", "tests", "{4243E96C-08CF-4C4E-BB2A-3B1DE6309B83}"
EndProject
Project("{FAE04EC0-301F-11D3-BF4B-00C04F79EFBC}") = "NLBAudit.Core.UnitTests", "tests\NLBAudit.Core.UnitTests\NLBAudit.Core.UnitTests.csproj", "{3918B2CD-0128-4631-B1A4-3280A90DC887}"
EndProject
Project("{FAE04EC0-301F-11D3-BF4B-00C04F79EFBC}") = "NLBAudit.Store.EfCore.IntegrationTests", "tests\NLBAudit.Store.EfCore.IntegrationTests\NLBAudit.Store.EfCore.IntegrationTests.csproj", "{50D4DD7F-F4F0-4E86-AE0E-F91CCC3549E4}"
EndProject
Project("{FAE04EC0-301F-11D3-BF4B-00C04F79EFBC}") = "NLBAudit.AspNetCore.Tests", "tests\NLBAudit.AspNetCore.Tests\NLBAudit.AspNetCore.Tests.csproj", "{619E4153-6136-4581-8F70-8C4288750FF9}"
EndProject
Global
	GlobalSection(SolutionConfigurationPlatforms) = preSolution
		Debug|Any CPU = Debug|Any CPU
		Release|Any CPU = Release|Any CPU
	EndGlobalSection
	GlobalSection(ProjectConfigurationPlatforms) = postSolution
		{361D4AA8-F749-4F0E-9C71-0B5394F94F8D}.Debug|Any CPU.ActiveCfg = Debug|Any CPU
		{361D4AA8-F749-4F0E-9C71-0B5394F94F8D}.Debug|Any CPU.Build.0 = Debug|Any CPU
		{361D4AA8-F749-4F0E-9C71-0B5394F94F8D}.Release|Any CPU.ActiveCfg = Release|Any CPU
		{361D4AA8-F749-4F0E-9C71-0B5394F94F8D}.Release|Any CPU.Build.0 = Release|Any CPU
		{35BA7349-2898-4F08-80CB-3CE2E7B46625}.Debug|Any CPU.ActiveCfg = Debug|Any CPU
		{35BA7349-2898-4F08-80CB-3CE2E7B46625}.Debug|Any CPU.Build.0 = Debug|Any CPU
		{35BA7349-2898-4F08-80CB-3CE2E7B46625}.Release|Any CPU.ActiveCfg = Release|Any CPU
		{35BA7349-2898-4F08-80CB-3CE2E7B46625}.Release|Any CPU.Build.0 = Release|Any CPU
		{B555E88B-C780-4927-B5E6-FCC2A63022E0}.Debug|Any CPU.ActiveCfg = Debug|Any CPU
		{B555E88B-C780-4927-B5E6-FCC2A63022E0}.Debug|Any CPU.Build.0 = Debug|Any CPU
		{B555E88B-C780-4927-B5E6-FCC2A63022E0}.Release|Any CPU.ActiveCfg = Release|Any CPU
		{B555E88B-C780-4927-B5E6-FCC2A63022E0}.Release|Any CPU.Build.0 = Release|Any CPU
		{EBECD5B5-2721-4B84-8E75-43D5FC76942E}.Debug|Any CPU.ActiveCfg = Debug|Any CPU
		{EBECD5B5-2721-4B84-8E75-43D5FC76942E}.Debug|Any CPU.Build.0 = Debug|Any CPU
		{EBECD5B5-2721-4B84-8E75-43D5FC76942E}.Release|Any CPU.ActiveCfg = Release|Any CPU
		{EBECD5B5-2721-4B84-8E75-43D5FC76942E}.Release|Any CPU.Build.0 = Release|Any CPU
		{3918B2CD-0128-4631-B1A4-3280A90DC887}.Debug|Any CPU.ActiveCfg = Debug|Any CPU
		{3918B2CD-0128-4631-B1A4-3280A90DC887}.Debug|Any CPU.Build.0 = Debug|Any CPU
		{3918B2CD-0128-4631-B1A4-3280A90DC887}.Release|Any CPU.ActiveCfg = Release|Any CPU
		{3918B2CD-0128-4631-B1A4-3280A90DC887}.Release|Any CPU.Build.0 = Release|Any CPU
		{50D4DD7F-F4F0-4E86-AE0E-F91CCC3549E4}.Debug|Any CPU.ActiveCfg = Debug|Any CPU
		{50D4DD7F-F4F0-4E86-AE0E-F91CCC3549E4}.Debug|Any CPU.Build.0 = Debug|Any CPU
		{50D4DD7F-F4F0-4E86-AE0E-F91CCC3549E4}.Release|Any CPU.ActiveCfg = Release|Any CPU
		{50D4DD7F-F4F0-4E86-AE0E-F91CCC3549E4}.Release|Any CPU.Build.0 = Release|Any CPU
		{619E4153-6136-4581-8F70-8C4288750FF9}.Debug|Any CPU.ActiveCfg = Debug|Any CPU
		{619E4153-6136-4581-8F70-8C4288750FF9}.Debug|Any CPU.Build.0 = Debug|Any CPU
		{619E4153-6136-4581-8F70-8C4288750FF9}.Release|Any CPU.ActiveCfg = Release|Any CPU
		{619E4153-6136-4581-8F70-8C4288750FF9}.Release|Any CPU.Build.0 = Release|Any CPU
	EndGlobalSection
	GlobalSection(NestedProjects) = preSolution
		{EBECD5B5-2721-4B84-8E75-43D5FC76942E} = {C928D8EE-9EE5-481B-956D-135D8439015A}
		{B555E88B-C780-4927-B5E6-FCC2A63022E0} = {C928D8EE-9EE5-481B-956D-135D8439015A}
		{361D4AA8-F749-4F0E-9C71-0B5394F94F8D} = {C928D8EE-9EE5-481B-956D-135D8439015A}
		{35BA7349-2898-4F08-80CB-3CE2E7B46625} = {C928D8EE-9EE5-481B-956D-135D8439015A}
		{3918B2CD-0128-4631-B1A4-3280A90DC887} = {4243E96C-08CF-4C4E-BB2A-3B1DE6309B83}
		{50D4DD7F-F4F0-4E86-AE0E-F91CCC3549E4} = {4243E96C-08CF-4C4E-BB2A-3B1DE6309B83}
		{619E4153-6136-4581-8F70-8C4288750FF9} = {4243E96C-08CF-4C4E-BB2A-3B1DE6309B83}
	EndGlobalSection
EndGlobal
